// !$*UTF8*$!
{
	archiveVersion = 1;
	classes = {
	};
	objectVersion = 46;
	objects = {

/* Begin PBXBuildFile section */
		BC99A2411EF13E6E00F27BAA /* main.m in Sources */ = {isa = PBXBuildFile; fileRef = BC99A2401EF13E6D00F27BAA /* main.m */; };
		BC99A2441EF13E6E00F27BAA /* AppDelegate.m in Sources */ = {isa = PBXBuildFile; fileRef = BC99A2431EF13E6E00F27BAA /* AppDelegate.m */; };
		BC99A2471EF13E6E00F27BAA /* ViewController.m in Sources */ = {isa = PBXBuildFile; fileRef = BC99A2461EF13E6E00F27BAA /* ViewController.m */; };
		BC99A24A1EF13E6E00F27BAA /* Main.storyboard in Resources */ = {isa = PBXBuildFile; fileRef = BC99A2481EF13E6E00F27BAA /* Main.storyboard */; };
		BC99A24C1EF13E6E00F27BAA /* Assets.xcassets in Resources */ = {isa = PBXBuildFile; fileRef = BC99A24B1EF13E6E00F27BAA /* Assets.xcassets */; };
		BC99A24F1EF13E6E00F27BAA /* LaunchScreen.storyboard in Resources */ = {isa = PBXBuildFile; fileRef = BC99A24D1EF13E6E00F27BAA /* LaunchScreen.storyboard */; };
		BC99A25A1EF13E6F00F27BAA /* ___3D____Tests.m in Sources */ = {isa = PBXBuildFile; fileRef = BC99A2591EF13E6F00F27BAA /* ___3D____Tests.m */; };
/* End PBXBuildFile section */

/* Begin PBXContainerItemProxy section */
		BC99A2561EF13E6F00F27BAA /* PBXContainerItemProxy */ = {
			isa = PBXContainerItemProxy;
			containerPortal = BC99A2341EF13E6D00F27BAA /* Project object */;
			proxyType = 1;
			remoteGlobalIDString = BC99A23B1EF13E6D00F27BAA;
			remoteInfo = "滚动的3D图层矩阵";
		};
/* End PBXContainerItemProxy section */

/* Begin PBXFileReference section */
		BC99A23C1EF13E6D00F27BAA /* 滚动的3D图层矩阵.app */ = {isa = PBXFileReference; explicitFileType = wrapper.application; includeInIndex = 0; path = "滚动的3D图层矩阵.app"; sourceTree = BUILT_PRODUCTS_DIR; };
		BC99A2401EF13E6D00F27BAA /* main.m */ = {isa = PBXFileReference; lastKnownFileType = sourcecode.c.objc; path = main.m; sourceTree = "<group>"; };
		BC99A2421EF13E6E00F27BAA /* AppDelegate.h */ = {isa = PBXFileReference; lastKnownFileType = sourcecode.c.h; path = AppDelegate.h; sourceTree = "<group>"; };
		BC99A2431EF13E6E00F27BAA /* AppDelegate.m */ = {isa = PBXFileReference; lastKnownFileType = sourcecode.c.objc; path = AppDelegate.m; sourceTree = "<group>"; };
		BC99A2451EF13E6E00F27BAA /* ViewController.h */ = {isa = PBXFileReference; lastKnownFileType = sourcecode.c.h; path = ViewController.h; sourceTree = "<group>"; };
		BC99A2461EF13E6E00F27BAA /* ViewController.m */ = {isa = PBXFileReference; lastKnownFileType = sourcecode.c.objc; path = ViewController.m; sourceTree = "<group>"; };
		BC99A2491EF13E6E00F27BAA /* Base */ = {isa = PBXFileReference; lastKnownFileType = file.storyboard; name = Base; path = Base.lproj/Main.storyboard; sourceTree = "<group>"; };
		BC99A24B1EF13E6E00F27BAA /* Assets.xcassets */ = {isa = PBXFileReference; lastKnownFileType = folder.assetcatalog; path = Assets.xcassets; sourceTree = "<group>"; };
		BC99A24E1EF13E6E00F27BAA /* Base */ = {isa = PBXFileReference; lastKnownFileType = file.storyboard; name = Base; path = Base.lproj/LaunchScreen.storyboard; sourceTree = "<group>"; };
		BC99A2501EF13E6E00F27BAA /* Info.plist */ = {isa = PBXFileReference; lastKnownFileType = text.plist.xml; path = Info.plist; sourceTree = "<group>"; };
		BC99A2551EF13E6F00F27BAA /* 滚动的3D图层矩阵Tests.xctest */ = {isa = PBXFileReference; explicitFileType = wrapper.cfbundle; includeInIndex = 0; path = "滚动的3D图层矩阵Tests.xctest"; sourceTree = BUILT_PRODUCTS_DIR; };
		BC99A2591EF13E6F00F27BAA /* ___3D____Tests.m */ = {isa = PBXFileReference; lastKnownFileType = sourcecode.c.objc; path = "___3D____Tests.m"; sourceTree = "<group>"; };
		BC99A25B1EF13E6F00F27BAA /* Info.plist */ = {isa = PBXFileReference; lastKnownFileType = text.plist.xml; path = Info.plist; sourceTree = "<group>"; };
/* End PBXFileReference section */

/* Begin PBXFrameworksBuildPhase section */
		BC99A2391EF13E6D00F27BAA /* Frameworks */ = {
			isa = PBXFrameworksBuildPhase;
			buildActionMask = 2147483647;
			files = (
			);
			runOnlyForDeploymentPostprocessing = 0;
		};
		BC99A2521EF13E6F00F27BAA /* Frameworks */ = {
			isa = PBXFrameworksBuildPhase;
			buildActionMask = 2147483647;
			files = (
			);
			runOnlyForDeploymentPostprocessing = 0;
		};
/* End PBXFrameworksBuildPhase section */

/* Begin PBXGroup section */
		BC99A2331EF13E6C00F27BAA = {
			isa = PBXGroup;
			children = (
				BC99A23E1EF13E6D00F27BAA /* 滚动的3D图层矩阵 */,
				BC99A2581EF13E6F00F27BAA /* 滚动的3D图层矩阵Tests */,
				BC99A23D1EF13E6D00F27BAA /* Products */,
			);
			sourceTree = "<group>";
		};
		BC99A23D1EF13E6D00F27BAA /* Products */ = {
			isa = PBXGroup;
			children = (
				BC99A23C1EF13E6D00F27BAA /* 滚动的3D图层矩阵.app */,
				BC99A2551EF13E6F00F27BAA /* 滚动的3D图层矩阵Tests.xctest */,
			);
			name = Products;
			sourceTree = "<group>";
		};
		BC99A23E1EF13E6D00F27BAA /* 滚动的3D图层矩阵 */ = {
			isa = PBXGroup;
			children = (
				BC99A2421EF13E6E00F27BAA /* AppDelegate.h */,
				BC99A2431EF13E6E00F27BAA /* AppDelegate.m */,
				BC99A2451EF13E6E00F27BAA /* ViewController.h */,
				BC99A2461EF13E6E00F27BAA /* ViewController.m */,
				BC99A2481EF13E6E00F27BAA /* Main.storyboard */,
				BC99A24B1EF13E6E00F27BAA /* Assets.xcassets */,
				BC99A24D1EF13E6E00F27BAA /* LaunchScreen.storyboard */,
				BC99A2501EF13E6E00F27BAA /* Info.plist */,
				BC99A23F1EF13E6D00F27BAA /* Supporting Files */,
			);
			path = "滚动的3D图层矩阵";
			sourceTree = "<group>";
		};
		BC99A23F1EF13E6D00F27BAA /* Supporting Files */ = {
			isa = PBXGroup;
			children = (
				BC99A2401EF13E6D00F27BAA /* main.m */,
			);
			name = "Supporting Files";
			sourceTree = "<group>";
		};
		BC99A2581EF13E6F00F27BAA /* 滚动的3D图层矩阵Tests */ = {
			isa = PBXGroup;
			children = (
				BC99A2591EF13E6F00F27BAA /* ___3D____Tests.m */,
				BC99A25B1EF13E6F00F27BAA /* Info.plist */,
			);
			path = "滚动的3D图层矩阵Tests";
			sourceTree = "<group>";
		};
/* End PBXGroup section */

/* Begin PBXNativeTarget section */
		BC99A23B1EF13E6D00F27BAA /* 滚动的3D图层矩阵 */ = {
			isa = PBXNativeTarget;
			buildConfigurationList = BC99A25E1EF13E6F00F27BAA /* Build configuration list for PBXNativeTarget "滚动的3D图层矩阵" */;
			buildPhases = (
				BC99A2381EF13E6D00F27BAA /* Sources */,
				BC99A2391EF13E6D00F27BAA /* Frameworks */,
				BC99A23A1EF13E6D00F27BAA /* Resources */,
			);
			buildRules = (
			);
			dependencies = (
			);
			name = "滚动的3D图层矩阵";
			productName = "滚动的3D图层矩阵";
			productReference = BC99A23C1EF13E6D00F27BAA /* 滚动的3D图层矩阵.app */;
			productType = "com.apple.product-type.application";
		};
		BC99A2541EF13E6F00F27BAA /* 滚动的3D图层矩阵Tests */ = {
			isa = PBXNativeTarget;
			buildConfigurationList = BC99A2611EF13E6F00F27BAA /* Build configuration list for PBXNativeTarget "滚动的3D图层矩阵Tests" */;
			buildPhases = (
				BC99A2511EF13E6F00F27BAA /* Sources */,
				BC99A2521EF13E6F00F27BAA /* Frameworks */,
				BC99A2531EF13E6F00F27BAA /* Resources */,
			);
			buildRules = (
			);
			dependencies = (
				BC99A2571EF13E6F00F27BAA /* PBXTargetDependency */,
			);
			name = "滚动的3D图层矩阵Tests";
			productName = "滚动的3D图层矩阵Tests";
			productReference = BC99A2551EF13E6F00F27BAA /* 滚动的3D图层矩阵Tests.xctest */;
			productType = "com.apple.product-type.bundle.unit-test";
		};
/* End PBXNativeTarget section */

/* Begin PBXProject section */
		BC99A2341EF13E6D00F27BAA /* Project object */ = {
			isa = PBXProject;
			attributes = {
				LastUpgradeCheck = 0830;
				ORGANIZATIONNAME = jiaotukeji;
				TargetAttributes = {
					BC99A23B1EF13E6D00F27BAA = {
						CreatedOnToolsVersion = 8.3.2;
						ProvisioningStyle = Automatic;
					};
					BC99A2541EF13E6F00F27BAA = {
						CreatedOnToolsVersion = 8.3.2;
						ProvisioningStyle = Automatic;
						TestTargetID = BC99A23B1EF13E6D00F27BAA;
					};
				};
			};
			buildConfigurationList = BC99A2371EF13E6D00F27BAA /* Build configuration list for PBXProject "滚动的3D图层矩阵" */;
			compatibilityVersion = "Xcode 3.2";
			developmentRegion = English;
			hasScannedForEncodings = 0;
			knownRegions = (
				en,
				Base,
			);
			mainGroup = BC99A2331EF13E6C00F27BAA;
			productRefGroup = BC99A23D1EF13E6D00F27BAA /* Products */;
			projectDirPath = "";
			projectRoot = "";
			targets = (
				BC99A23B1EF13E6D00F27BAA /* 滚动的3D图层矩阵 */,
				BC99A2541EF13E6F00F27BAA /* 滚动的3D图层矩阵Tests */,
			);
		};
/* End PBXProject section */

/* Begin PBXResourcesBuildPhase section */
		BC99A23A1EF13E6D00F27BAA /* Resources */ = {
			isa = PBXResourcesBuildPhase;
			buildActionMask = 2147483647;
			files = (
				BC99A24F1EF13E6E00F27BAA /* LaunchScreen.storyboard in Resources */,
				BC99A24C1EF13E6E00F27BAA /* Assets.xcassets in Resources */,
				BC99A24A1EF13E6E00F27BAA /* Main.storyboard in Resources */,
			);
			runOnlyForDeploymentPostprocessing = 0;
		};
		BC99A2531EF13E6F00F27BAA /* Resources */ = {
			isa = PBXResourcesBuildPhase;
			buildActionMask = 2147483647;
			files = (
			);
			runOnlyForDeploymentPostprocessing = 0;
		};
/* End PBXResourcesBuildPhase section */

/* Begin PBXSourcesBuildPhase section */
		BC99A2381EF13E6D00F27BAA /* Sources */ = {
			isa = PBXSourcesBuildPhase;
			buildActionMask = 2147483647;
			files = (
				BC99A2471EF13E6E00F27BAA /* ViewController.m in Sources */,
				BC99A2441EF13E6E00F27BAA /* AppDelegate.m in Sources */,
				BC99A2411EF13E6E00F27BAA /* main.m in Sources */,
			);
			runOnlyForDeploymentPostprocessing = 0;
		};
		BC99A2511EF13E6F00F27BAA /* Sources */ = {
			isa = PBXSourcesBuildPhase;
			buildActionMask = 2147483647;
			files = (
				BC99A25A1EF13E6F00F27BAA /* ___3D____Tests.m in Sources */,
			);
			runOnlyForDeploymentPostprocessing = 0;
		};
/* End PBXSourcesBuildPhase section */

/* Begin PBXTargetDependency section */
		BC99A2571EF13E6F00F27BAA /* PBXTargetDependency */ = {
			isa = PBXTargetDependency;
			target = BC99A23B1EF13E6D00F27BAA /* 滚动的3D图层矩阵 */;
			targetProxy = BC99A2561EF13E6F00F27BAA /* PBXContainerItemProxy */;
		};
/* End PBXTargetDependency section */

/* Begin PBXVariantGroup section */
		BC99A2481EF13E6E00F27BAA /* Main.storyboard */ = {
			isa = PBXVariantGroup;
			children = (
				BC99A2491EF13E6E00F27BAA /* Base */,
			);
			name = Main.storyboard;
			sourceTree = "<group>";
		};
		BC99A24D1EF13E6E00F27BAA /* LaunchScreen.storyboard */ = {
			isa = PBXVariantGroup;
			children = (
				BC99A24E1EF13E6E00F27BAA /* Base */,
			);
			name = LaunchScreen.storyboard;
			sourceTree = "<group>";
		};
/* End PBXVariantGroup section */

/* Begin XCBuildConfiguration section */
		BC99A25C1EF13E6F00F27BAA /* Debug */ = {
			isa = XCBuildConfiguration;
			buildSettings = {
				ALWAYS_SEARCH_USER_PATHS = NO;
				CLANG_ANALYZER_NONNULL = YES;
				CLANG_ANALYZER_NUMBER_OBJECT_CONVERSION = YES_AGGRESSIVE;
				CLANG_CXX_LANGUAGE_STANDARD = "gnu++0x";
				CLANG_CXX_LIBRARY = "libc++";
				CLANG_ENABLE_MODULES = YES;
				CLANG_ENABLE_OBJC_ARC = YES;
				CLANG_WARN_BOOL_CONVERSION = YES;
				CLANG_WARN_CONSTANT_CONVERSION = YES;
				CLANG_WARN_DIRECT_OBJC_ISA_USAGE = YES_ERROR;
				CLANG_WARN_DOCUMENTATION_COMMENTS = YES;
				CLANG_WARN_EMPTY_BODY = YES;
				CLANG_WARN_ENUM_CONVERSION = YES;
				CLANG_WARN_INFINITE_RECURSION = YES;
				CLANG_WARN_INT_CONVERSION = YES;
				CLANG_WARN_OBJC_ROOT_CLASS = YES_ERROR;
				CLANG_WARN_SUSPICIOUS_MOVE = YES;
				CLANG_WARN_UNREACHABLE_CODE = YES;
				CLANG_WARN__DUPLICATE_METHOD_MATCH = YES;
				"CODE_SIGN_IDENTITY[sdk=iphoneos*]" = "iPhone Developer";
				COPY_PHASE_STRIP = NO;
				DEBUG_INFORMATION_FORMAT = dwarf;
				ENABLE_STRICT_OBJC_MSGSEND = YES;
				ENABLE_TESTABILITY = YES;
				GCC_C_LANGUAGE_STANDARD = gnu99;
				GCC_DYNAMIC_NO_PIC = NO;
				GCC_NO_COMMON_BLOCKS = YES;
				GCC_OPTIMIZATION_LEVEL = 0;
				GCC_PREPROCESSOR_DEFINITIONS = (
					"DEBUG=1",
					"$(inherited)",
				);
				GCC_WARN_64_TO_32_BIT_CONVERSION = YES;
				GCC_WARN_ABOUT_RETURN_TYPE = YES_ERROR;
				GCC_WARN_UNDECLARED_SELECTOR = YES;
				GCC_WARN_UNINITIALIZED_AUTOS = YES_AGGRESSIVE;
				GCC_WARN_UNUSED_FUNCTION = YES;
				GCC_WARN_UNUSED_VARIABLE = YES;
				IPHONEOS_DEPLOYMENT_TARGET = 10.3;
				MTL_ENABLE_DEBUG_INFO = YES;
				ONLY_ACTIVE_ARCH = YES;
				SDKROOT = iphoneos;
			};
			name = Debug;
		};
		BC99A25D1EF13E6F00F27BAA /* Release */ = {
			isa = XCBuildConfiguration;
			buildSettings = {
				ALWAYS_SEARCH_USER_PATHS = NO;
				CLANG_ANALYZER_NONNULL = YES;
				CLANG_ANALYZER_NUMBER_OBJECT_CONVERSION = YES_AGGRESSIVE;
				CLANG_CXX_LANGUAGE_STANDARD = "gnu++0x";
				CLANG_CXX_LIBRARY = "libc++";
				CLANG_ENABLE_MODULES = YES;
				CLANG_ENABLE_OBJC_ARC = YES;
				CLANG_WARN_BOOL_CONVERSION = YES;
				CLANG_WARN_CONSTANT_CONVERSION = YES;
				CLANG_WARN_DIRECT_OBJC_ISA_USAGE = YES_ERROR;
				CLANG_WARN_DOCUMENTATION_COMMENTS = YES;
				CLANG_WARN_EMPTY_BODY = YES;
				CLANG_WARN_ENUM_CONVERSION = YES;
				CLANG_WARN_INFINITE_RECURSION = YES;
				CLANG_WARN_INT_CONVERSION = YES;
				CLANG_WARN_OBJC_ROOT_CLASS = YES_ERROR;
				CLANG_WARN_SUSPICIOUS_MOVE = YES;
				CLANG_WARN_UNREACHABLE_CODE = YES;
				CLANG_WARN__DUPLICATE_METHOD_MATCH = YES;
				"CODE_SIGN_IDENTITY[sdk=iphoneos*]" = "iPhone Developer";
				COPY_PHASE_STRIP = NO;
				DEBUG_INFORMATION_FORMAT = "dwarf-with-dsym";
				ENABLE_NS_ASSERTIONS = NO;
				ENABLE_STRICT_OBJC_MSGSEND = YES;
				GCC_C_LANGUAGE_STANDARD = gnu99;
				GCC_NO_COMMON_BLOCKS = YES;
				GCC_WARN_64_TO_32_BIT_CONVERSION = YES;
				GCC_WARN_ABOUT_RETURN_TYPE = YES_ERROR;
				GCC_WARN_UNDECLARED_SELECTOR = YES;
				GCC_WARN_UNINITIALIZED_AUTOS = YES_AGGRESSIVE;
				GCC_WARN_UNUSED_FUNCTION = YES;
				GCC_WARN_UNUSED_VARIABLE = YES;
				IPHONEOS_DEPLOYMENT_TARGET = 10.3;
				MTL_ENABLE_DEBUG_INFO = NO;
				SDKROOT = iphoneos;
				VALIDATE_PRODUCT = YES;
			};
			name = Release;
		};
		BC99A25F1EF13E6F00F27BAA /* Debug */ = {
			isa = XCBuildConfiguration;
			buildSettings = {
				ASSETCATALOG_COMPILER_APPICON_NAME = AppIcon;
				INFOPLIST_FILE = "滚动的3D图层矩阵/Info.plist";
				LD_RUNPATH_SEARCH_PATHS = "$(inherited) @executable_path/Frameworks";
				PRODUCT_BUNDLE_IDENTIFIER = "JOTWO.---3D----";
				PRODUCT_NAME = "$(TARGET_NAME)";
			};
			name = Debug;
		};
		BC99A2601EF13E6F00F27BAA /* Release */ = {
			isa = XCBuildConfiguration;
			buildSettings = {
				ASSETCATALOG_COMPILER_APPICON_NAME = AppIcon;
				INFOPLIST_FILE = "滚动的3D图层矩阵/Info.plist";
				LD_RUNPATH_SEARCH_PATHS = "$(inherited) @executable_path/Frameworks";
				PRODUCT_BUNDLE_IDENTIFIER = "JOTWO.---3D----";
				PRODUCT_NAME = "$(TARGET_NAME)";
			};
			name = Release;
		};
		BC99A2621EF13E6F00F27BAA /* Debug */ = {
			isa = XCBuildConfiguration;
			buildSettings = {
				BUNDLE_LOADER = "$(TEST_HOST)";
				INFOPLIST_FILE = "滚动的3D图层矩阵Tests/Info.plist";
				LD_RUNPATH_SEARCH_PATHS = "$(inherited) @executable_path/Frameworks @loader_path/Frameworks";
				PRODUCT_BUNDLE_IDENTIFIER = "JOTWO.---3D----Tests";
				PRODUCT_NAME = "$(TARGET_NAME)";
				TEST_HOST = "$(BUILT_PRODUCTS_DIR)/滚动的3D图层矩阵.app/滚动的3D图层矩阵";
			};
			name = Debug;
		};
		BC99A2631EF13E6F00F27BAA /* Release */ = {
			isa = XCBuildConfiguration;
			buildSettings = {
				BUNDLE_LOADER = "$(TEST_HOST)";
				INFOPLIST_FILE = "滚动的3D图层矩阵Tests/Info.plist";
				LD_RUNPATH_SEARCH_PATHS = "$(inherited) @executable_path/Frameworks @loader_path/Frameworks";
				PRODUCT_BUNDLE_IDENTIFIER = "JOTWO.---3D----Tests";
				PRODUCT_NAME = "$(TARGET_NAME)";
				TEST_HOST = "$(BUILT_PRODUCTS_DIR)/滚动的3D图层矩阵.app/滚动的3D图层矩阵";
			};
			name = Release;
		};
/* End XCBuildConfiguration section */

/* Begin XCConfigurationList section */
		BC99A2371EF13E6D00F27BAA /* Build configuration list for PBXProject "滚动的3D图层矩阵" */ = {
			isa = XCConfigurationList;
			buildConfigurations = (
				BC99A25C1EF13E6F00F27BAA /* Debug */,
				BC99A25D1EF13E6F00F27BAA /* Release */,
			);
			defaultConfigurationIsVisible = 0;
			defaultConfigurationName = Release;
		};
		BC99A25E1EF13E6F00F27BAA /* Build configuration list for PBXNativeTarget "滚动的3D图层矩阵" */ = {
			isa = XCConfigurationList;
			buildConfigurations = (
				BC99A25F1EF13E6F00F27BAA /* Debug */,
				BC99A2601EF13E6F00F27BAA /* Release */,
			);
			defaultConfigurationIsVisible = 0;
		};
		BC99A2611EF13E6F00F27BAA /* Build configuration list for PBXNativeTarget "滚动的3D图层矩阵Tests" */ = {
			isa = XCConfigurationList;
			buildConfigurations = (
				BC99A2621EF13E6F00F27BAA /* Debug */,
				BC99A2631EF13E6F00F27BAA /* Release */,
			);
			defaultConfigurationIsVisible = 0;
		};
/* End XCConfigurationList section */
	};
	rootObject = BC99A2341EF13E6D00F27BAA /* Project object */;
}
