// !$*UTF8*$!
{
	archiveVersion = 1;
	classes = {
	};
	objectVersion = 46;
	objects = {

/* Begin PBXBuildFile section */
		BCB145531EE552EB00AAFAE7 /* main.m in Sources */ = {isa = PBXBuildFile; fileRef = BCB145521EE552EB00AAFAE7 /* main.m */; };
		BCB145561EE552EB00AAFAE7 /* AppDelegate.m in Sources */ = {isa = PBXBuildFile; fileRef = BCB145551EE552EB00AAFAE7 /* AppDelegate.m */; };
		BCB145591EE552EB00AAFAE7 /* ViewController.m in Sources */ = {isa = PBXBuildFile; fileRef = BCB145581EE552EB00AAFAE7 /* ViewController.m */; };
		BCB1455C1EE552EB00AAFAE7 /* Main.storyboard in Resources */ = {isa = PBXBuildFile; fileRef = BCB1455A1EE552EB00AAFAE7 /* Main.storyboard */; };
		BCB1455E1EE552EB00AAFAE7 /* Assets.xcassets in Resources */ = {isa = PBXBuildFile; fileRef = BCB1455D1EE552EB00AAFAE7 /* Assets.xcassets */; };
		BCB145611EE552EB00AAFAE7 /* LaunchScreen.storyboard in Resources */ = {isa = PBXBuildFile; fileRef = BCB1455F1EE552EB00AAFAE7 /* LaunchScreen.storyboard */; };
		BCB1456C1EE552EB00AAFAE7 /* CATransform3DIdentityTests.m in Sources */ = {isa = PBXBuildFile; fileRef = BCB1456B1EE552EB00AAFAE7 /* CATransform3DIdentityTests.m */; };
/* End PBXBuildFile section */

/* Begin PBXContainerItemProxy section */
		BCB145681EE552EB00AAFAE7 /* PBXContainerItemProxy */ = {
			isa = PBXContainerItemProxy;
			containerPortal = BCB145461EE552EB00AAFAE7 /* Project object */;
			proxyType = 1;
			remoteGlobalIDString = BCB1454D1EE552EB00AAFAE7;
			remoteInfo = CATransform3DIdentity;
		};
/* End PBXContainerItemProxy section */

/* Begin PBXFileReference section */
		BCB1454E1EE552EB00AAFAE7 /* CATransform3DIdentity.app */ = {isa = PBXFileReference; explicitFileType = wrapper.application; includeInIndex = 0; path = CATransform3DIdentity.app; sourceTree = BUILT_PRODUCTS_DIR; };
		BCB145521EE552EB00AAFAE7 /* main.m */ = {isa = PBXFileReference; lastKnownFileType = sourcecode.c.objc; path = main.m; sourceTree = "<group>"; };
		BCB145541EE552EB00AAFAE7 /* AppDelegate.h */ = {isa = PBXFileReference; lastKnownFileType = sourcecode.c.h; path = AppDelegate.h; sourceTree = "<group>"; };
		BCB145551EE552EB00AAFAE7 /* AppDelegate.m */ = {isa = PBXFileReference; lastKnownFileType = sourcecode.c.objc; path = AppDelegate.m; sourceTree = "<group>"; };
		BCB145571EE552EB00AAFAE7 /* ViewController.h */ = {isa = PBXFileReference; lastKnownFileType = sourcecode.c.h; path = ViewController.h; sourceTree = "<group>"; };
		BCB145581EE552EB00AAFAE7 /* ViewController.m */ = {isa = PBXFileReference; lastKnownFileType = sourcecode.c.objc; path = ViewController.m; sourceTree = "<group>"; };
		BCB1455B1EE552EB00AAFAE7 /* Base */ = {isa = PBXFileReference; lastKnownFileType = file.storyboard; name = Base; path = Base.lproj/Main.storyboard; sourceTree = "<group>"; };
		BCB1455D1EE552EB00AAFAE7 /* Assets.xcassets */ = {isa = PBXFileReference; lastKnownFileType = folder.assetcatalog; path = Assets.xcassets; sourceTree = "<group>"; };
		BCB145601EE552EB00AAFAE7 /* Base */ = {isa = PBXFileReference; lastKnownFileType = file.storyboard; name = Base; path = Base.lproj/LaunchScreen.storyboard; sourceTree = "<group>"; };
		BCB145621EE552EB00AAFAE7 /* Info.plist */ = {isa = PBXFileReference; lastKnownFileType = text.plist.xml; path = Info.plist; sourceTree = "<group>"; };
		BCB145671EE552EB00AAFAE7 /* CATransform3DIdentityTests.xctest */ = {isa = PBXFileReference; explicitFileType = wrapper.cfbundle; includeInIndex = 0; path = CATransform3DIdentityTests.xctest; sourceTree = BUILT_PRODUCTS_DIR; };
		BCB1456B1EE552EB00AAFAE7 /* CATransform3DIdentityTests.m */ = {isa = PBXFileReference; lastKnownFileType = sourcecode.c.objc; path = CATransform3DIdentityTests.m; sourceTree = "<group>"; };
		BCB1456D1EE552EB00AAFAE7 /* Info.plist */ = {isa = PBXFileReference; lastKnownFileType = text.plist.xml; path = Info.plist; sourceTree = "<group>"; };
/* End PBXFileReference section */

/* Begin PBXFrameworksBuildPhase section */
		BCB1454B1EE552EB00AAFAE7 /* Frameworks */ = {
			isa = PBXFrameworksBuildPhase;
			buildActionMask = 2147483647;
			files = (
			);
			runOnlyForDeploymentPostprocessing = 0;
		};
		BCB145641EE552EB00AAFAE7 /* Frameworks */ = {
			isa = PBXFrameworksBuildPhase;
			buildActionMask = 2147483647;
			files = (
			);
			runOnlyForDeploymentPostprocessing = 0;
		};
/* End PBXFrameworksBuildPhase section */

/* Begin PBXGroup section */
		BCB145451EE552EB00AAFAE7 = {
			isa = PBXGroup;
			children = (
				BCB145501EE552EB00AAFAE7 /* CATransform3DIdentity */,
				BCB1456A1EE552EB00AAFAE7 /* CATransform3DIdentityTests */,
				BCB1454F1EE552EB00AAFAE7 /* Products */,
			);
			sourceTree = "<group>";
		};
		BCB1454F1EE552EB00AAFAE7 /* Products */ = {
			isa = PBXGroup;
			children = (
				BCB1454E1EE552EB00AAFAE7 /* CATransform3DIdentity.app */,
				BCB145671EE552EB00AAFAE7 /* CATransform3DIdentityTests.xctest */,
			);
			name = Products;
			sourceTree = "<group>";
		};
		BCB145501EE552EB00AAFAE7 /* CATransform3DIdentity */ = {
			isa = PBXGroup;
			children = (
				BCB145541EE552EB00AAFAE7 /* AppDelegate.h */,
				BCB145551EE552EB00AAFAE7 /* AppDelegate.m */,
				BCB145571EE552EB00AAFAE7 /* ViewController.h */,
				BCB145581EE552EB00AAFAE7 /* ViewController.m */,
				BCB1455A1EE552EB00AAFAE7 /* Main.storyboard */,
				BCB1455D1EE552EB00AAFAE7 /* Assets.xcassets */,
				BCB1455F1EE552EB00AAFAE7 /* LaunchScreen.storyboard */,
				BCB145621EE552EB00AAFAE7 /* Info.plist */,
				BCB145511EE552EB00AAFAE7 /* Supporting Files */,
			);
			path = CATransform3DIdentity;
			sourceTree = "<group>";
		};
		BCB145511EE552EB00AAFAE7 /* Supporting Files */ = {
			isa = PBXGroup;
			children = (
				BCB145521EE552EB00AAFAE7 /* main.m */,
			);
			name = "Supporting Files";
			sourceTree = "<group>";
		};
		BCB1456A1EE552EB00AAFAE7 /* CATransform3DIdentityTests */ = {
			isa = PBXGroup;
			children = (
				BCB1456B1EE552EB00AAFAE7 /* CATransform3DIdentityTests.m */,
				BCB1456D1EE552EB00AAFAE7 /* Info.plist */,
			);
			path = CATransform3DIdentityTests;
			sourceTree = "<group>";
		};
/* End PBXGroup section */

/* Begin PBXNativeTarget section */
		BCB1454D1EE552EB00AAFAE7 /* CATransform3DIdentity */ = {
			isa = PBXNativeTarget;
			buildConfigurationList = BCB145701EE552EB00AAFAE7 /* Build configuration list for PBXNativeTarget "CATransform3DIdentity" */;
			buildPhases = (
				BCB1454A1EE552EB00AAFAE7 /* Sources */,
				BCB1454B1EE552EB00AAFAE7 /* Frameworks */,
				BCB1454C1EE552EB00AAFAE7 /* Resources */,
			);
			buildRules = (
			);
			dependencies = (
			);
			name = CATransform3DIdentity;
			productName = CATransform3DIdentity;
			productReference = BCB1454E1EE552EB00AAFAE7 /* CATransform3DIdentity.app */;
			productType = "com.apple.product-type.application";
		};
		BCB145661EE552EB00AAFAE7 /* CATransform3DIdentityTests */ = {
			isa = PBXNativeTarget;
			buildConfigurationList = BCB145731EE552EB00AAFAE7 /* Build configuration list for PBXNativeTarget "CATransform3DIdentityTests" */;
			buildPhases = (
				BCB145631EE552EB00AAFAE7 /* Sources */,
				BCB145641EE552EB00AAFAE7 /* Frameworks */,
				BCB145651EE552EB00AAFAE7 /* Resources */,
			);
			buildRules = (
			);
			dependencies = (
				BCB145691EE552EB00AAFAE7 /* PBXTargetDependency */,
			);
			name = CATransform3DIdentityTests;
			productName = CATransform3DIdentityTests;
			productReference = BCB145671EE552EB00AAFAE7 /* CATransform3DIdentityTests.xctest */;
			productType = "com.apple.product-type.bundle.unit-test";
		};
/* End PBXNativeTarget section */

/* Begin PBXProject section */
		BCB145461EE552EB00AAFAE7 /* Project object */ = {
			isa = PBXProject;
			attributes = {
				LastUpgradeCheck = 0830;
				ORGANIZATIONNAME = jiaotukeji;
				TargetAttributes = {
					BCB1454D1EE552EB00AAFAE7 = {
						CreatedOnToolsVersion = 8.3.2;
						ProvisioningStyle = Automatic;
					};
					BCB145661EE552EB00AAFAE7 = {
						CreatedOnToolsVersion = 8.3.2;
						ProvisioningStyle = Automatic;
						TestTargetID = BCB1454D1EE552EB00AAFAE7;
					};
				};
			};
			buildConfigurationList = BCB145491EE552EB00AAFAE7 /* Build configuration list for PBXProject "CATransform3DIdentity" */;
			compatibilityVersion = "Xcode 3.2";
			developmentRegion = English;
			hasScannedForEncodings = 0;
			knownRegions = (
				en,
				Base,
			);
			mainGroup = BCB145451EE552EB00AAFAE7;
			productRefGroup = BCB1454F1EE552EB00AAFAE7 /* Products */;
			projectDirPath = "";
			projectRoot = "";
			targets = (
				BCB1454D1EE552EB00AAFAE7 /* CATransform3DIdentity */,
				BCB145661EE552EB00AAFAE7 /* CATransform3DIdentityTests */,
			);
		};
/* End PBXProject section */

/* Begin PBXResourcesBuildPhase section */
		BCB1454C1EE552EB00AAFAE7 /* Resources */ = {
			isa = PBXResourcesBuildPhase;
			buildActionMask = 2147483647;
			files = (
				BCB145611EE552EB00AAFAE7 /* LaunchScreen.storyboard in Resources */,
				BCB1455E1EE552EB00AAFAE7 /* Assets.xcassets in Resources */,
				BCB1455C1EE552EB00AAFAE7 /* Main.storyboard in Resources */,
			);
			runOnlyForDeploymentPostprocessing = 0;
		};
		BCB145651EE552EB00AAFAE7 /* Resources */ = {
			isa = PBXResourcesBuildPhase;
			buildActionMask = 2147483647;
			files = (
			);
			runOnlyForDeploymentPostprocessing = 0;
		};
/* End PBXResourcesBuildPhase section */

/* Begin PBXSourcesBuildPhase section */
		BCB1454A1EE552EB00AAFAE7 /* Sources */ = {
			isa = PBXSourcesBuildPhase;
			buildActionMask = 2147483647;
			files = (
				BCB145591EE552EB00AAFAE7 /* ViewController.m in Sources */,
				BCB145561EE552EB00AAFAE7 /* AppDelegate.m in Sources */,
				BCB145531EE552EB00AAFAE7 /* main.m in Sources */,
			);
			runOnlyForDeploymentPostprocessing = 0;
		};
		BCB145631EE552EB00AAFAE7 /* Sources */ = {
			isa = PBXSourcesBuildPhase;
			buildActionMask = 2147483647;
			files = (
				BCB1456C1EE552EB00AAFAE7 /* CATransform3DIdentityTests.m in Sources */,
			);
			runOnlyForDeploymentPostprocessing = 0;
		};
/* End PBXSourcesBuildPhase section */

/* Begin PBXTargetDependency section */
		BCB145691EE552EB00AAFAE7 /* PBXTargetDependency */ = {
			isa = PBXTargetDependency;
			target = BCB1454D1EE552EB00AAFAE7 /* CATransform3DIdentity */;
			targetProxy = BCB145681EE552EB00AAFAE7 /* PBXContainerItemProxy */;
		};
/* End PBXTargetDependency section */

/* Begin PBXVariantGroup section */
		BCB1455A1EE552EB00AAFAE7 /* Main.storyboard */ = {
			isa = PBXVariantGroup;
			children = (
				BCB1455B1EE552EB00AAFAE7 /* Base */,
			);
			name = Main.storyboard;
			sourceTree = "<group>";
		};
		BCB1455F1EE552EB00AAFAE7 /* LaunchScreen.storyboard */ = {
			isa = PBXVariantGroup;
			children = (
				BCB145601EE552EB00AAFAE7 /* Base */,
			);
			name = LaunchScreen.storyboard;
			sourceTree = "<group>";
		};
/* End PBXVariantGroup section */

/* Begin XCBuildConfiguration section */
		BCB1456E1EE552EB00AAFAE7 /* Debug */ = {
			isa = XCBuildConfiguration;
			buildSettings = {
				ALWAYS_SEARCH_USER_PATHS = NO;
				CLANG_ANALYZER_NONNULL = YES;
				CLANG_ANALYZER_NUMBER_OBJECT_CONVERSION = YES_AGGRESSIVE;
				CLANG_CXX_LANGUAGE_STANDARD = "gnu++0x";
				CLANG_CXX_LIBRARY = "libc++";
				CLANG_ENABLE_MODULES = YES;
				CLANG_ENABLE_OBJC_ARC = YES;
				CLANG_WARN_BOOL_CONVERSION = YES;
				CLANG_WARN_CONSTANT_CONVERSION = YES;
				CLANG_WARN_DIRECT_OBJC_ISA_USAGE = YES_ERROR;
				CLANG_WARN_DOCUMENTATION_COMMENTS = YES;
				CLANG_WARN_EMPTY_BODY = YES;
				CLANG_WARN_ENUM_CONVERSION = YES;
				CLANG_WARN_INFINITE_RECURSION = YES;
				CLANG_WARN_INT_CONVERSION = YES;
				CLANG_WARN_OBJC_ROOT_CLASS = YES_ERROR;
				CLANG_WARN_SUSPICIOUS_MOVE = YES;
				CLANG_WARN_UNREACHABLE_CODE = YES;
				CLANG_WARN__DUPLICATE_METHOD_MATCH = YES;
				"CODE_SIGN_IDENTITY[sdk=iphoneos*]" = "iPhone Developer";
				COPY_PHASE_STRIP = NO;
				DEBUG_INFORMATION_FORMAT = dwarf;
				ENABLE_STRICT_OBJC_MSGSEND = YES;
				ENABLE_TESTABILITY = YES;
				GCC_C_LANGUAGE_STANDARD = gnu99;
				GCC_DYNAMIC_NO_PIC = NO;
				GCC_NO_COMMON_BLOCKS = YES;
				GCC_OPTIMIZATION_LEVEL = 0;
				GCC_PREPROCESSOR_DEFINITIONS = (
					"DEBUG=1",
					"$(inherited)",
				);
				GCC_WARN_64_TO_32_BIT_CONVERSION = YES;
				GCC_WARN_ABOUT_RETURN_TYPE = YES_ERROR;
				GCC_WARN_UNDECLARED_SELECTOR = YES;
				GCC_WARN_UNINITIALIZED_AUTOS = YES_AGGRESSIVE;
				GCC_WARN_UNUSED_FUNCTION = YES;
				GCC_WARN_UNUSED_VARIABLE = YES;
				IPHONEOS_DEPLOYMENT_TARGET = 10.3;
				MTL_ENABLE_DEBUG_INFO = YES;
				ONLY_ACTIVE_ARCH = YES;
				SDKROOT = iphoneos;
			};
			name = Debug;
		};
		BCB1456F1EE552EB00AAFAE7 /* Release */ = {
			isa = XCBuildConfiguration;
			buildSettings = {
				ALWAYS_SEARCH_USER_PATHS = NO;
				CLANG_ANALYZER_NONNULL = YES;
				CLANG_ANALYZER_NUMBER_OBJECT_CONVERSION = YES_AGGRESSIVE;
				CLANG_CXX_LANGUAGE_STANDARD = "gnu++0x";
				CLANG_CXX_LIBRARY = "libc++";
				CLANG_ENABLE_MODULES = YES;
				CLANG_ENABLE_OBJC_ARC = YES;
				CLANG_WARN_BOOL_CONVERSION = YES;
				CLANG_WARN_CONSTANT_CONVERSION = YES;
				CLANG_WARN_DIRECT_OBJC_ISA_USAGE = YES_ERROR;
				CLANG_WARN_DOCUMENTATION_COMMENTS = YES;
				CLANG_WARN_EMPTY_BODY = YES;
				CLANG_WARN_ENUM_CONVERSION = YES;
				CLANG_WARN_INFINITE_RECURSION = YES;
				CLANG_WARN_INT_CONVERSION = YES;
				CLANG_WARN_OBJC_ROOT_CLASS = YES_ERROR;
				CLANG_WARN_SUSPICIOUS_MOVE = YES;
				CLANG_WARN_UNREACHABLE_CODE = YES;
				CLANG_WARN__DUPLICATE_METHOD_MATCH = YES;
				"CODE_SIGN_IDENTITY[sdk=iphoneos*]" = "iPhone Developer";
				COPY_PHASE_STRIP = NO;
				DEBUG_INFORMATION_FORMAT = "dwarf-with-dsym";
				ENABLE_NS_ASSERTIONS = NO;
				ENABLE_STRICT_OBJC_MSGSEND = YES;
				GCC_C_LANGUAGE_STANDARD = gnu99;
				GCC_NO_COMMON_BLOCKS = YES;
				GCC_WARN_64_TO_32_BIT_CONVERSION = YES;
				GCC_WARN_ABOUT_RETURN_TYPE = YES_ERROR;
				GCC_WARN_UNDECLARED_SELECTOR = YES;
				GCC_WARN_UNINITIALIZED_AUTOS = YES_AGGRESSIVE;
				GCC_WARN_UNUSED_FUNCTION = YES;
				GCC_WARN_UNUSED_VARIABLE = YES;
				IPHONEOS_DEPLOYMENT_TARGET = 10.3;
				MTL_ENABLE_DEBUG_INFO = NO;
				SDKROOT = iphoneos;
				VALIDATE_PRODUCT = YES;
			};
			name = Release;
		};
		BCB145711EE552EB00AAFAE7 /* Debug */ = {
			isa = XCBuildConfiguration;
			buildSettings = {
				ASSETCATALOG_COMPILER_APPICON_NAME = AppIcon;
				INFOPLIST_FILE = CATransform3DIdentity/Info.plist;
				LD_RUNPATH_SEARCH_PATHS = "$(inherited) @executable_path/Frameworks";
				PRODUCT_BUNDLE_IDENTIFIER = JOTWO.CATransform3DIdentity;
				PRODUCT_NAME = "$(TARGET_NAME)";
			};
			name = Debug;
		};
		BCB145721EE552EB00AAFAE7 /* Release */ = {
			isa = XCBuildConfiguration;
			buildSettings = {
				ASSETCATALOG_COMPILER_APPICON_NAME = AppIcon;
				INFOPLIST_FILE = CATransform3DIdentity/Info.plist;
				LD_RUNPATH_SEARCH_PATHS = "$(inherited) @executable_path/Frameworks";
				PRODUCT_BUNDLE_IDENTIFIER = JOTWO.CATransform3DIdentity;
				PRODUCT_NAME = "$(TARGET_NAME)";
			};
			name = Release;
		};
		BCB145741EE552EB00AAFAE7 /* Debug */ = {
			isa = XCBuildConfiguration;
			buildSettings = {
				BUNDLE_LOADER = "$(TEST_HOST)";
				INFOPLIST_FILE = CATransform3DIdentityTests/Info.plist;
				LD_RUNPATH_SEARCH_PATHS = "$(inherited) @executable_path/Frameworks @loader_path/Frameworks";
				PRODUCT_BUNDLE_IDENTIFIER = JOTWO.CATransform3DIdentityTests;
				PRODUCT_NAME = "$(TARGET_NAME)";
				TEST_HOST = "$(BUILT_PRODUCTS_DIR)/CATransform3DIdentity.app/CATransform3DIdentity";
			};
			name = Debug;
		};
		BCB145751EE552EB00AAFAE7 /* Release */ = {
			isa = XCBuildConfiguration;
			buildSettings = {
				BUNDLE_LOADER = "$(TEST_HOST)";
				INFOPLIST_FILE = CATransform3DIdentityTests/Info.plist;
				LD_RUNPATH_SEARCH_PATHS = "$(inherited) @executable_path/Frameworks @loader_path/Frameworks";
				PRODUCT_BUNDLE_IDENTIFIER = JOTWO.CATransform3DIdentityTests;
				PRODUCT_NAME = "$(TARGET_NAME)";
				TEST_HOST = "$(BUILT_PRODUCTS_DIR)/CATransform3DIdentity.app/CATransform3DIdentity";
			};
			name = Release;
		};
/* End XCBuildConfiguration section */

/* Begin XCConfigurationList section */
		BCB145491EE552EB00AAFAE7 /* Build configuration list for PBXProject "CATransform3DIdentity" */ = {
			isa = XCConfigurationList;
			buildConfigurations = (
				BCB1456E1EE552EB00AAFAE7 /* Debug */,
				BCB1456F1EE552EB00AAFAE7 /* Release */,
			);
			defaultConfigurationIsVisible = 0;
			defaultConfigurationName = Release;
		};
		BCB145701EE552EB00AAFAE7 /* Build configuration list for PBXNativeTarget "CATransform3DIdentity" */ = {
			isa = XCConfigurationList;
			buildConfigurations = (
				BCB145711EE552EB00AAFAE7 /* Debug */,
				BCB145721EE552EB00AAFAE7 /* Release */,
			);
			defaultConfigurationIsVisible = 0;
		};
		BCB145731EE552EB00AAFAE7 /* Build configuration list for PBXNativeTarget "CATransform3DIdentityTests" */ = {
			isa = XCConfigurationList;
			buildConfigurations = (
				BCB145741EE552EB00AAFAE7 /* Debug */,
				BCB145751EE552EB00AAFAE7 /* Release */,
			);
			defaultConfigurationIsVisible = 0;
		};
/* End XCConfigurationList section */
	};
	rootObject = BCB145461EE552EB00AAFAE7 /* Project object */;
}
